
Microsoft Visual Studio Solution File, Format Version 12.00
# Visual Studio Version 17
VisualStudioVersion = 17.4.33205.214
MinimumVisualStudioVersion = 10.0.40219.1
Project("{FAE04EC0-301F-11D3-BF4B-00C04F79EFBC}") = "PorkerGame", "PorkerGame.csproj", "{1680BDF0-7F39-43BC-821A-A2E6DD91CEAC}"
EndProject
Global
	GlobalSection(SolutionConfigurationPlatforms) = preSolution
		Debug|Any CPU = Debug|Any CPU
		Release|Any CPU = Release|Any CPU
	EndGlobalSection
	GlobalSection(ProjectConfigurationPlatforms) = postSolution
		{1680BDF0-7F39-43BC-821A-A2E6DD91CEAC}.Debug|Any CPU.ActiveCfg = Debug|Any CPU
		{1680BDF0-7F39-43BC-821A-A2E6DD91CEAC}.Debug|Any CPU.Build.0 = Debug|Any CPU
		{1680BDF0-7F39-43BC-821A-A2E6DD91CEAC}.Release|Any CPU.ActiveCfg = Release|Any CPU
		{1680BDF0-7F39-43BC-821A-A2E6DD91CEAC}.Release|Any CPU.Build.0 = Release|Any CPU
	EndGlobalSection
	GlobalSection(SolutionProperties) = preSolution
		HideSolutionNode = FALSE
	EndGlobalSection
	GlobalSection(ExtensibilityGlobals) = postSolution
		SolutionGuid = {751AB976-671F-4F3F-BD9D-55D51FEC07C4}
	EndGlobalSection
EndGlobal
